
Microsoft Visual Studio Solution File, Format Version 12.00
# Visual Studio Version 17
VisualStudioVersion = 17.6.33815.320
MinimumVisualStudioVersion = 10.0.40219.1
Project("{FAE04EC0-301F-11D3-BF4B-00C04F79EFBC}") = "Assignment_3", "Assignment_3.csproj", "{CEA8D8C7-5FE2-4B91-BFDD-0893F40E83D3}"
EndProject
Global
	GlobalSection(SolutionConfigurationPlatforms) = preSolution
		Debug|Any CPU = Debug|Any CPU
		Release|Any CPU = Release|Any CPU
	EndGlobalSection
	GlobalSection(ProjectConfigurationPlatforms) = postSolution
		{CEA8D8C7-5FE2-4B91-BFDD-0893F40E83D3}.Debug|Any CPU.ActiveCfg = Debug|Any CPU
		{CEA8D8C7-5FE2-4B91-BFDD-0893F40E83D3}.Debug|Any CPU.Build.0 = Debug|Any CPU
		{CEA8D8C7-5FE2-4B91-BFDD-0893F40E83D3}.Release|Any CPU.ActiveCfg = Release|Any CPU
		{CEA8D8C7-5FE2-4B91-BFDD-0893F40E83D3}.Release|Any CPU.Build.0 = Release|Any CPU
	EndGlobalSection
	GlobalSection(SolutionProperties) = preSolution
		HideSolutionNode = FALSE
	EndGlobalSection
	GlobalSection(ExtensibilityGlobals) = postSolution
		SolutionGuid = {AE54E575-BCBD-4F10-B740-77D5F2A8CB63}
	EndGlobalSection
EndGlobal
