
Microsoft Visual Studio Solution File, Format Version 12.00
# Visual Studio Version 17
VisualStudioVersion = 17.6.33815.320
MinimumVisualStudioVersion = 10.0.40219.1
Project("{FAE04EC0-301F-11D3-BF4B-00C04F79EFBC}") = "ORM_TRY", "ORM_TRY.csproj", "{FAD602F7-CAB9-45EB-AE58-E0149265993D}"
EndProject
Global
	GlobalSection(SolutionConfigurationPlatforms) = preSolution
		Debug|Any CPU = Debug|Any CPU
		Release|Any CPU = Release|Any CPU
	EndGlobalSection
	GlobalSection(ProjectConfigurationPlatforms) = postSolution
		{FAD602F7-CAB9-45EB-AE58-E0149265993D}.Debug|Any CPU.ActiveCfg = Debug|Any CPU
		{FAD602F7-CAB9-45EB-AE58-E0149265993D}.Debug|Any CPU.Build.0 = Debug|Any CPU
		{FAD602F7-CAB9-45EB-AE58-E0149265993D}.Release|Any CPU.ActiveCfg = Release|Any CPU
		{FAD602F7-CAB9-45EB-AE58-E0149265993D}.Release|Any CPU.Build.0 = Release|Any CPU
	EndGlobalSection
	GlobalSection(SolutionProperties) = preSolution
		HideSolutionNode = FALSE
	EndGlobalSection
	GlobalSection(ExtensibilityGlobals) = postSolution
		SolutionGuid = {D08BFB61-8158-4106-8226-E09928955BC1}
	EndGlobalSection
EndGlobal
