
Microsoft Visual Studio Solution File, Format Version 12.00
# Visual Studio Version 17
VisualStudioVersion = 17.6.33801.468
MinimumVisualStudioVersion = 10.0.40219.1
Project("{FAE04EC0-301F-11D3-BF4B-00C04F79EFBC}") = "WebApiMinimal", "WebApiMinimal.csproj", "{D6E6FD0E-39AA-498E-B5A7-1A8DFC14226B}"
EndProject
Global
	GlobalSection(SolutionConfigurationPlatforms) = preSolution
		Debug|Any CPU = Debug|Any CPU
		Release|Any CPU = Release|Any CPU
	EndGlobalSection
	GlobalSection(ProjectConfigurationPlatforms) = postSolution
		{D6E6FD0E-39AA-498E-B5A7-1A8DFC14226B}.Debug|Any CPU.ActiveCfg = Debug|Any CPU
		{D6E6FD0E-39AA-498E-B5A7-1A8DFC14226B}.Debug|Any CPU.Build.0 = Debug|Any CPU
		{D6E6FD0E-39AA-498E-B5A7-1A8DFC14226B}.Release|Any CPU.ActiveCfg = Release|Any CPU
		{D6E6FD0E-39AA-498E-B5A7-1A8DFC14226B}.Release|Any CPU.Build.0 = Release|Any CPU
	EndGlobalSection
	GlobalSection(SolutionProperties) = preSolution
		HideSolutionNode = FALSE
	EndGlobalSection
	GlobalSection(ExtensibilityGlobals) = postSolution
		SolutionGuid = {B5A5CC08-D9D8-46C3-8315-3587A372D22D}
	EndGlobalSection
EndGlobal
