
Microsoft Visual Studio Solution File, Format Version 12.00
# Visual Studio Version 17
VisualStudioVersion = 17.6.33815.320
MinimumVisualStudioVersion = 10.0.40219.1
Project("{FAE04EC0-301F-11D3-BF4B-00C04F79EFBC}") = "b1", "b1.csproj", "{A86A0AC8-4201-4FA6-821E-2CEF6BBA6103}"
EndProject
Global
	GlobalSection(SolutionConfigurationPlatforms) = preSolution
		Debug|Any CPU = Debug|Any CPU
		Release|Any CPU = Release|Any CPU
	EndGlobalSection
	GlobalSection(ProjectConfigurationPlatforms) = postSolution
		{A86A0AC8-4201-4FA6-821E-2CEF6BBA6103}.Debug|Any CPU.ActiveCfg = Debug|Any CPU
		{A86A0AC8-4201-4FA6-821E-2CEF6BBA6103}.Debug|Any CPU.Build.0 = Debug|Any CPU
		{A86A0AC8-4201-4FA6-821E-2CEF6BBA6103}.Release|Any CPU.ActiveCfg = Release|Any CPU
		{A86A0AC8-4201-4FA6-821E-2CEF6BBA6103}.Release|Any CPU.Build.0 = Release|Any CPU
	EndGlobalSection
	GlobalSection(SolutionProperties) = preSolution
		HideSolutionNode = FALSE
	EndGlobalSection
	GlobalSection(ExtensibilityGlobals) = postSolution
		SolutionGuid = {319D44E6-F5C0-405F-BFEE-6A8347ACE6E2}
	EndGlobalSection
EndGlobal
