
Microsoft Visual Studio Solution File, Format Version 12.00
# Visual Studio Version 17
VisualStudioVersion = 17.6.33801.468
MinimumVisualStudioVersion = 10.0.40219.1
Project("{FAE04EC0-301F-11D3-BF4B-00C04F79EFBC}") = "BasicClassConcepts", "BasicClassConcepts\BasicClassConcepts.csproj", "{AE6D3FFB-AE55-4BF7-87F5-43621C6D78EF}"
EndProject
Project("{FAE04EC0-301F-11D3-BF4B-00C04F79EFBC}") = "Properties", "Properties\Properties.csproj", "{C0922971-CC4A-4076-946C-C1CEED660BA1}"
EndProject
Global
	GlobalSection(SolutionConfigurationPlatforms) = preSolution
		Debug|Any CPU = Debug|Any CPU
		Release|Any CPU = Release|Any CPU
	EndGlobalSection
	GlobalSection(ProjectConfigurationPlatforms) = postSolution
		{AE6D3FFB-AE55-4BF7-87F5-43621C6D78EF}.Debug|Any CPU.ActiveCfg = Debug|Any CPU
		{AE6D3FFB-AE55-4BF7-87F5-43621C6D78EF}.Debug|Any CPU.Build.0 = Debug|Any CPU
		{AE6D3FFB-AE55-4BF7-87F5-43621C6D78EF}.Release|Any CPU.ActiveCfg = Release|Any CPU
		{AE6D3FFB-AE55-4BF7-87F5-43621C6D78EF}.Release|Any CPU.Build.0 = Release|Any CPU
		{C0922971-CC4A-4076-946C-C1CEED660BA1}.Debug|Any CPU.ActiveCfg = Debug|Any CPU
		{C0922971-CC4A-4076-946C-C1CEED660BA1}.Debug|Any CPU.Build.0 = Debug|Any CPU
		{C0922971-CC4A-4076-946C-C1CEED660BA1}.Release|Any CPU.ActiveCfg = Release|Any CPU
		{C0922971-CC4A-4076-946C-C1CEED660BA1}.Release|Any CPU.Build.0 = Release|Any CPU
	EndGlobalSection
	GlobalSection(SolutionProperties) = preSolution
		HideSolutionNode = FALSE
	EndGlobalSection
	GlobalSection(ExtensibilityGlobals) = postSolution
		SolutionGuid = {FCEEBEEA-0E87-4F4F-8D65-362399AB2413}
	EndGlobalSection
EndGlobal
