
Microsoft Visual Studio Solution File, Format Version 12.00
# Visual Studio Version 17
VisualStudioVersion = 17.6.33815.320
MinimumVisualStudioVersion = 10.0.40219.1
Project("{FAE04EC0-301F-11D3-BF4B-00C04F79EFBC}") = "webapiexam", "webapiexam.csproj", "{3DFA431C-704A-491B-8959-160B1DA2DE43}"
EndProject
Global
	GlobalSection(SolutionConfigurationPlatforms) = preSolution
		Debug|Any CPU = Debug|Any CPU
		Release|Any CPU = Release|Any CPU
	EndGlobalSection
	GlobalSection(ProjectConfigurationPlatforms) = postSolution
		{3DFA431C-704A-491B-8959-160B1DA2DE43}.Debug|Any CPU.ActiveCfg = Debug|Any CPU
		{3DFA431C-704A-491B-8959-160B1DA2DE43}.Debug|Any CPU.Build.0 = Debug|Any CPU
		{3DFA431C-704A-491B-8959-160B1DA2DE43}.Release|Any CPU.ActiveCfg = Release|Any CPU
		{3DFA431C-704A-491B-8959-160B1DA2DE43}.Release|Any CPU.Build.0 = Release|Any CPU
	EndGlobalSection
	GlobalSection(SolutionProperties) = preSolution
		HideSolutionNode = FALSE
	EndGlobalSection
	GlobalSection(ExtensibilityGlobals) = postSolution
		SolutionGuid = {17524D65-4075-486C-8504-C0E2245FA0AE}
	EndGlobalSection
EndGlobal
