
Microsoft Visual Studio Solution File, Format Version 12.00
# Visual Studio Version 17
VisualStudioVersion = 17.6.33815.320
MinimumVisualStudioVersion = 10.0.40219.1
Project("{FAE04EC0-301F-11D3-BF4B-00C04F79EFBC}") = "b3", "b3.csproj", "{00BCDC5A-008C-40E8-8D3C-5AD046AC4D99}"
EndProject
Global
	GlobalSection(SolutionConfigurationPlatforms) = preSolution
		Debug|Any CPU = Debug|Any CPU
		Release|Any CPU = Release|Any CPU
	EndGlobalSection
	GlobalSection(ProjectConfigurationPlatforms) = postSolution
		{00BCDC5A-008C-40E8-8D3C-5AD046AC4D99}.Debug|Any CPU.ActiveCfg = Debug|Any CPU
		{00BCDC5A-008C-40E8-8D3C-5AD046AC4D99}.Debug|Any CPU.Build.0 = Debug|Any CPU
		{00BCDC5A-008C-40E8-8D3C-5AD046AC4D99}.Release|Any CPU.ActiveCfg = Release|Any CPU
		{00BCDC5A-008C-40E8-8D3C-5AD046AC4D99}.Release|Any CPU.Build.0 = Release|Any CPU
	EndGlobalSection
	GlobalSection(SolutionProperties) = preSolution
		HideSolutionNode = FALSE
	EndGlobalSection
	GlobalSection(ExtensibilityGlobals) = postSolution
		SolutionGuid = {3541CD22-F54C-4772-9D33-72BDE02367C8}
	EndGlobalSection
EndGlobal
